{
  "name": "ut_sidetalk",
  "version": "1.0.0",
  "lockfileVersion": 1,
  "requires": true,
  "dependencies": {
    "@types/bittorrent-protocol": {
      "version": "3.1.1",
      "resolved": "https://registry.npmjs.org/@types/bittorrent-protocol/-/bittorrent-protocol-3.1.1.tgz",
      "integrity": "sha512-YY3j5aJNTjAt5SA1P+4mK4cU4QuxSN79T1mzdQMLeQL1eTrruU5AxKcgxKZOuatPET3wCDx5JQnq+4XWpFEb/A==",
      "dev": true,
      "requires": {
        "@types/node": "*"
      }
    },
    "@types/node": {
      "version": "14.14.20",
      "resolved": "https://registry.npmjs.org/@types/node/-/node-14.14.20.tgz",
      "integrity": "sha512-Y93R97Ouif9JEOWPIUyU+eyIdyRqQR0I8Ez1dzku4hDx34NWh4HbtIc3WNzwB1Y9ULvNGeu5B8h8bVL5cAk4/A==",
      "dev": true
    }
  }
}
